
Microsoft Visual Studio Solution File, Format Version 12.00
# Visual Studio Version 17
VisualStudioVersion = 17.9.34622.214
MinimumVisualStudioVersion = 10.0.40219.1
Project("{FAE04EC0-301F-11D3-BF4B-00C04F79EFBC}") = "QLVanChuyen_App", "QLVanChuyen_App.csproj", "{A34BC6A0-7499-45CC-9199-CE76367ED719}"
EndProject
Global
	GlobalSection(SolutionConfigurationPlatforms) = preSolution
		Debug|Any CPU = Debug|Any CPU
		Release|Any CPU = Release|Any CPU
	EndGlobalSection
	GlobalSection(ProjectConfigurationPlatforms) = postSolution
		{A34BC6A0-7499-45CC-9199-CE76367ED719}.Debug|Any CPU.ActiveCfg = Debug|Any CPU
		{A34BC6A0-7499-45CC-9199-CE76367ED719}.Debug|Any CPU.Build.0 = Debug|Any CPU
		{A34BC6A0-7499-45CC-9199-CE76367ED719}.Release|Any CPU.ActiveCfg = Release|Any CPU
		{A34BC6A0-7499-45CC-9199-CE76367ED719}.Release|Any CPU.Build.0 = Release|Any CPU
	EndGlobalSection
	GlobalSection(SolutionProperties) = preSolution
		HideSolutionNode = FALSE
	EndGlobalSection
	GlobalSection(ExtensibilityGlobals) = postSolution
		SolutionGuid = {1EABE3C0-F35B-4347-B718-1BA83C18582B}
	EndGlobalSection
EndGlobal
